
Microsoft Visual Studio Solution File, Format Version 12.00
# Visual Studio Version 17
VisualStudioVersion = 17.10.35122.118
MinimumVisualStudioVersion = 10.0.40219.1
Project("{FAE04EC0-301F-11D3-BF4B-00C04F79EFBC}") = "CustomList", "CustomList\CustomList.csproj", "{4FBA1DCA-D2C1-42B2-A710-E31B7BA5EC54}"
EndProject
Global
	GlobalSection(SolutionConfigurationPlatforms) = preSolution
		Debug|Any CPU = Debug|Any CPU
		Release|Any CPU = Release|Any CPU
	EndGlobalSection
	GlobalSection(ProjectConfigurationPlatforms) = postSolution
		{4FBA1DCA-D2C1-42B2-A710-E31B7BA5EC54}.Debug|Any CPU.ActiveCfg = Debug|Any CPU
		{4FBA1DCA-D2C1-42B2-A710-E31B7BA5EC54}.Debug|Any CPU.Build.0 = Debug|Any CPU
		{4FBA1DCA-D2C1-42B2-A710-E31B7BA5EC54}.Release|Any CPU.ActiveCfg = Release|Any CPU
		{4FBA1DCA-D2C1-42B2-A710-E31B7BA5EC54}.Release|Any CPU.Build.0 = Release|Any CPU
	EndGlobalSection
	GlobalSection(SolutionProperties) = preSolution
		HideSolutionNode = FALSE
	EndGlobalSection
	GlobalSection(ExtensibilityGlobals) = postSolution
		SolutionGuid = {3DCD2DEC-6458-44E3-8373-59C4A80500D4}
	EndGlobalSection
EndGlobal
